
Microsoft Visual Studio Solution File, Format Version 12.00
# Visual Studio Version 16
VisualStudioVersion = 16.0.29728.190
MinimumVisualStudioVersion = 10.0.40219.1
Project("{8BC9CEB8-8B4A-11D0-8D11-00A0C91BC942}") = "DllCode", "TerminateProcesses\TerminateProcesses.vcxproj", "{BF970388-0B01-4494-9F63-67D7E793E66B}"
EndProject
Global
	GlobalSection(SolutionConfigurationPlatforms) = preSolution
		Debug|x64 = Debug|x64
		Debug|x86 = Debug|x86
		Release|x64 = Release|x64
		Release|x86 = Release|x86
	EndGlobalSection
	GlobalSection(ProjectConfigurationPlatforms) = postSolution
		{BF970388-0B01-4494-9F63-67D7E793E66B}.Debug|x64.ActiveCfg = Debug|x64
		{BF970388-0B01-4494-9F63-67D7E793E66B}.Debug|x64.Build.0 = Debug|x64
		{BF970388-0B01-4494-9F63-67D7E793E66B}.Debug|x86.ActiveCfg = Debug|Win32
		{BF970388-0B01-4494-9F63-67D7E793E66B}.Debug|x86.Build.0 = Debug|Win32
		{BF970388-0B01-4494-9F63-67D7E793E66B}.Release|x64.ActiveCfg = Release|x64
		{BF970388-0B01-4494-9F63-67D7E793E66B}.Release|x64.Build.0 = Release|x64
		{BF970388-0B01-4494-9F63-67D7E793E66B}.Release|x86.ActiveCfg = Release|Win32
		{BF970388-0B01-4494-9F63-67D7E793E66B}.Release|x86.Build.0 = Release|Win32
	EndGlobalSection
	GlobalSection(SolutionProperties) = preSolution
		HideSolutionNode = FALSE
	EndGlobalSection
	GlobalSection(ExtensibilityGlobals) = postSolution
		SolutionGuid = {01BC46CB-B0D2-49D6-B0D3-1C7156AEBA41}
	EndGlobalSection
EndGlobal
